
Microsoft Visual Studio Solution File, Format Version 12.00
# Visual Studio 15
Project("{FAE04EC0-301F-11D3-BF4B-00C04F79EFBC}") = "Assembly-CSharp", "Assembly-CSharp.csproj", "{945D8193-87E1-4373-6D7D-C0B7AD16AF96}"
EndProject
Project("{FAE04EC0-301F-11D3-BF4B-00C04F79EFBC}") = "Assembly-CSharp-firstpass", "Assembly-CSharp-firstpass.csproj", "{A4B2ECEB-532A-FAC5-D372-57BD88D1B044}"
EndProject
Project("{FAE04EC0-301F-11D3-BF4B-00C04F79EFBC}") = "Assembly-CSharp-Editor", "Assembly-CSharp-Editor.csproj", "{3BC77DD9-DE75-892E-5F66-865C186F0F28}"
EndProject
Global
	GlobalSection(SolutionConfigurationPlatforms) = preSolution
		Debug|Any CPU = Debug|Any CPU
		Release|Any CPU = Release|Any CPU
	EndGlobalSection
	GlobalSection(ProjectConfigurationPlatforms) = postSolution
		{945D8193-87E1-4373-6D7D-C0B7AD16AF96}.Debug|Any CPU.ActiveCfg = Debug|Any CPU
		{945D8193-87E1-4373-6D7D-C0B7AD16AF96}.Debug|Any CPU.Build.0 = Debug|Any CPU
		{945D8193-87E1-4373-6D7D-C0B7AD16AF96}.Release|Any CPU.ActiveCfg = Release|Any CPU
		{945D8193-87E1-4373-6D7D-C0B7AD16AF96}.Release|Any CPU.Build.0 = Release|Any CPU
		{A4B2ECEB-532A-FAC5-D372-57BD88D1B044}.Debug|Any CPU.ActiveCfg = Debug|Any CPU
		{A4B2ECEB-532A-FAC5-D372-57BD88D1B044}.Debug|Any CPU.Build.0 = Debug|Any CPU
		{A4B2ECEB-532A-FAC5-D372-57BD88D1B044}.Release|Any CPU.ActiveCfg = Release|Any CPU
		{A4B2ECEB-532A-FAC5-D372-57BD88D1B044}.Release|Any CPU.Build.0 = Release|Any CPU
		{3BC77DD9-DE75-892E-5F66-865C186F0F28}.Debug|Any CPU.ActiveCfg = Debug|Any CPU
		{3BC77DD9-DE75-892E-5F66-865C186F0F28}.Debug|Any CPU.Build.0 = Debug|Any CPU
		{3BC77DD9-DE75-892E-5F66-865C186F0F28}.Release|Any CPU.ActiveCfg = Release|Any CPU
		{3BC77DD9-DE75-892E-5F66-865C186F0F28}.Release|Any CPU.Build.0 = Release|Any CPU
	EndGlobalSection
	GlobalSection(SolutionProperties) = preSolution
		HideSolutionNode = FALSE
	EndGlobalSection
EndGlobal
